
Microsoft Visual Studio Solution File, Format Version 12.00
# Visual Studio Version 16
Project("{8BC9CEB8-8B4A-11D0-8D11-00A0C91BC942}") = "ALL_BUILD", "ALL_BUILD.vcxproj", "{38F60C6C-5C4F-3402-8D00-CFA04E1FCA57}"
	ProjectSection(ProjectDependencies) = postProject
		{981A001F-993C-3D5D-BE66-BC5B13F2DDEE} = {981A001F-993C-3D5D-BE66-BC5B13F2DDEE}
		{7D670231-16D6-33BE-BEB3-B087B16C0268} = {7D670231-16D6-33BE-BEB3-B087B16C0268}
		{38FAB36E-6BEF-38DC-8465-EA743BCE5763} = {38FAB36E-6BEF-38DC-8465-EA743BCE5763}
		{3FF365F4-E4BE-3F72-ADA7-F16FE00BE474} = {3FF365F4-E4BE-3F72-ADA7-F16FE00BE474}
		{9F151AB0-D41B-3806-A959-2BAE759347FA} = {9F151AB0-D41B-3806-A959-2BAE759347FA}
		{AF173E0B-EA2B-3DDA-9CA6-E6A3596126F5} = {AF173E0B-EA2B-3DDA-9CA6-E6A3596126F5}
		{B2717BF4-FB9C-3103-B35E-F5766247D516} = {B2717BF4-FB9C-3103-B35E-F5766247D516}
		{AF483DC8-19E2-38B3-B0F1-3DF75F8CE742} = {AF483DC8-19E2-38B3-B0F1-3DF75F8CE742}
		{DA2A6AF6-4CA3-3292-85B1-0616E2999089} = {DA2A6AF6-4CA3-3292-85B1-0616E2999089}
		{76D03528-E8D1-372E-9EA0-E49254B1C1D3} = {76D03528-E8D1-372E-9EA0-E49254B1C1D3}
		{BF02D57C-BD5A-39CB-8CEE-1B0D2CCC7F6E} = {BF02D57C-BD5A-39CB-8CEE-1B0D2CCC7F6E}
		{F8BE510A-56B1-3666-851D-A4E7BB7D2353} = {F8BE510A-56B1-3666-851D-A4E7BB7D2353}
		{ED68D256-E18C-3D78-8C3B-B6DF229B6F11} = {ED68D256-E18C-3D78-8C3B-B6DF229B6F11}
	EndProjectSection
EndProject
Project("{8BC9CEB8-8B4A-11D0-8D11-00A0C91BC942}") = "INSTALL", "INSTALL.vcxproj", "{6518176E-32F7-3D3E-BB06-3AF6A5E7DAA9}"
	ProjectSection(ProjectDependencies) = postProject
		{38F60C6C-5C4F-3402-8D00-CFA04E1FCA57} = {38F60C6C-5C4F-3402-8D00-CFA04E1FCA57}
		{981A001F-993C-3D5D-BE66-BC5B13F2DDEE} = {981A001F-993C-3D5D-BE66-BC5B13F2DDEE}
	EndProjectSection
EndProject
Project("{8BC9CEB8-8B4A-11D0-8D11-00A0C91BC942}") = "PACKAGE", "PACKAGE.vcxproj", "{E9940DC9-BD0C-3F8D-A7D1-5674C25CAE51}"
	ProjectSection(ProjectDependencies) = postProject
		{38F60C6C-5C4F-3402-8D00-CFA04E1FCA57} = {38F60C6C-5C4F-3402-8D00-CFA04E1FCA57}
		{981A001F-993C-3D5D-BE66-BC5B13F2DDEE} = {981A001F-993C-3D5D-BE66-BC5B13F2DDEE}
	EndProjectSection
EndProject
Project("{8BC9CEB8-8B4A-11D0-8D11-00A0C91BC942}") = "ZERO_CHECK", "ZERO_CHECK.vcxproj", "{981A001F-993C-3D5D-BE66-BC5B13F2DDEE}"
	ProjectSection(ProjectDependencies) = postProject
	EndProjectSection
EndProject
Project("{8BC9CEB8-8B4A-11D0-8D11-00A0C91BC942}") = "generated", "generated.vcxproj", "{BBA838FD-1A84-372B-93EE-6EF0CFC02812}"
	ProjectSection(ProjectDependencies) = postProject
		{981A001F-993C-3D5D-BE66-BC5B13F2DDEE} = {981A001F-993C-3D5D-BE66-BC5B13F2DDEE}
	EndProjectSection
EndProject
Project("{8BC9CEB8-8B4A-11D0-8D11-00A0C91BC942}") = "janus", "janus.vcxproj", "{7D670231-16D6-33BE-BEB3-B087B16C0268}"
	ProjectSection(ProjectDependencies) = postProject
		{981A001F-993C-3D5D-BE66-BC5B13F2DDEE} = {981A001F-993C-3D5D-BE66-BC5B13F2DDEE}
	EndProjectSection
EndProject
Project("{8BC9CEB8-8B4A-11D0-8D11-00A0C91BC942}") = "janus-dump-tables", "janus-dump-tables.vcxproj", "{38FAB36E-6BEF-38DC-8465-EA743BCE5763}"
	ProjectSection(ProjectDependencies) = postProject
		{981A001F-993C-3D5D-BE66-BC5B13F2DDEE} = {981A001F-993C-3D5D-BE66-BC5B13F2DDEE}
		{7D670231-16D6-33BE-BEB3-B087B16C0268} = {7D670231-16D6-33BE-BEB3-B087B16C0268}
	EndProjectSection
EndProject
Project("{8BC9CEB8-8B4A-11D0-8D11-00A0C91BC942}") = "janus-rx", "janus-rx.vcxproj", "{3FF365F4-E4BE-3F72-ADA7-F16FE00BE474}"
	ProjectSection(ProjectDependencies) = postProject
		{981A001F-993C-3D5D-BE66-BC5B13F2DDEE} = {981A001F-993C-3D5D-BE66-BC5B13F2DDEE}
		{7D670231-16D6-33BE-BEB3-B087B16C0268} = {7D670231-16D6-33BE-BEB3-B087B16C0268}
	EndProjectSection
EndProject
Project("{8BC9CEB8-8B4A-11D0-8D11-00A0C91BC942}") = "janus-tx", "janus-tx.vcxproj", "{9F151AB0-D41B-3806-A959-2BAE759347FA}"
	ProjectSection(ProjectDependencies) = postProject
		{981A001F-993C-3D5D-BE66-BC5B13F2DDEE} = {981A001F-993C-3D5D-BE66-BC5B13F2DDEE}
		{7D670231-16D6-33BE-BEB3-B087B16C0268} = {7D670231-16D6-33BE-BEB3-B087B16C0268}
	EndProjectSection
EndProject
Project("{8BC9CEB8-8B4A-11D0-8D11-00A0C91BC942}") = "janus_rx_mex", "janus_rx_mex.vcxproj", "{AF173E0B-EA2B-3DDA-9CA6-E6A3596126F5}"
	ProjectSection(ProjectDependencies) = postProject
		{981A001F-993C-3D5D-BE66-BC5B13F2DDEE} = {981A001F-993C-3D5D-BE66-BC5B13F2DDEE}
		{7D670231-16D6-33BE-BEB3-B087B16C0268} = {7D670231-16D6-33BE-BEB3-B087B16C0268}
	EndProjectSection
EndProject
Project("{8BC9CEB8-8B4A-11D0-8D11-00A0C91BC942}") = "janus_tx_mex", "janus_tx_mex.vcxproj", "{B2717BF4-FB9C-3103-B35E-F5766247D516}"
	ProjectSection(ProjectDependencies) = postProject
		{981A001F-993C-3D5D-BE66-BC5B13F2DDEE} = {981A001F-993C-3D5D-BE66-BC5B13F2DDEE}
		{7D670231-16D6-33BE-BEB3-B087B16C0268} = {7D670231-16D6-33BE-BEB3-B087B16C0268}
	EndProjectSection
EndProject
Project("{8BC9CEB8-8B4A-11D0-8D11-00A0C91BC942}") = "plugin_016_00", "plugin_016_00.vcxproj", "{AF483DC8-19E2-38B3-B0F1-3DF75F8CE742}"
	ProjectSection(ProjectDependencies) = postProject
		{981A001F-993C-3D5D-BE66-BC5B13F2DDEE} = {981A001F-993C-3D5D-BE66-BC5B13F2DDEE}
		{7D670231-16D6-33BE-BEB3-B087B16C0268} = {7D670231-16D6-33BE-BEB3-B087B16C0268}
	EndProjectSection
EndProject
Project("{8BC9CEB8-8B4A-11D0-8D11-00A0C91BC942}") = "test_convolve", "test_convolve.vcxproj", "{DA2A6AF6-4CA3-3292-85B1-0616E2999089}"
	ProjectSection(ProjectDependencies) = postProject
		{981A001F-993C-3D5D-BE66-BC5B13F2DDEE} = {981A001F-993C-3D5D-BE66-BC5B13F2DDEE}
		{7D670231-16D6-33BE-BEB3-B087B16C0268} = {7D670231-16D6-33BE-BEB3-B087B16C0268}
	EndProjectSection
EndProject
Project("{8BC9CEB8-8B4A-11D0-8D11-00A0C91BC942}") = "test_hop_index", "test_hop_index.vcxproj", "{76D03528-E8D1-372E-9EA0-E49254B1C1D3}"
	ProjectSection(ProjectDependencies) = postProject
		{981A001F-993C-3D5D-BE66-BC5B13F2DDEE} = {981A001F-993C-3D5D-BE66-BC5B13F2DDEE}
		{7D670231-16D6-33BE-BEB3-B087B16C0268} = {7D670231-16D6-33BE-BEB3-B087B16C0268}
	EndProjectSection
EndProject
Project("{8BC9CEB8-8B4A-11D0-8D11-00A0C91BC942}") = "test_interleave", "test_interleave.vcxproj", "{BF02D57C-BD5A-39CB-8CEE-1B0D2CCC7F6E}"
	ProjectSection(ProjectDependencies) = postProject
		{981A001F-993C-3D5D-BE66-BC5B13F2DDEE} = {981A001F-993C-3D5D-BE66-BC5B13F2DDEE}
		{7D670231-16D6-33BE-BEB3-B087B16C0268} = {7D670231-16D6-33BE-BEB3-B087B16C0268}
	EndProjectSection
EndProject
Project("{8BC9CEB8-8B4A-11D0-8D11-00A0C91BC942}") = "test_packet", "test_packet.vcxproj", "{F8BE510A-56B1-3666-851D-A4E7BB7D2353}"
	ProjectSection(ProjectDependencies) = postProject
		{981A001F-993C-3D5D-BE66-BC5B13F2DDEE} = {981A001F-993C-3D5D-BE66-BC5B13F2DDEE}
		{7D670231-16D6-33BE-BEB3-B087B16C0268} = {7D670231-16D6-33BE-BEB3-B087B16C0268}
	EndProjectSection
EndProject
Project("{8BC9CEB8-8B4A-11D0-8D11-00A0C91BC942}") = "test_wake_up_tone", "test_wake_up_tone.vcxproj", "{ED68D256-E18C-3D78-8C3B-B6DF229B6F11}"
	ProjectSection(ProjectDependencies) = postProject
		{981A001F-993C-3D5D-BE66-BC5B13F2DDEE} = {981A001F-993C-3D5D-BE66-BC5B13F2DDEE}
		{7D670231-16D6-33BE-BEB3-B087B16C0268} = {7D670231-16D6-33BE-BEB3-B087B16C0268}
	EndProjectSection
EndProject
Global
	GlobalSection(SolutionConfigurationPlatforms) = preSolution
		Debug|x64 = Debug|x64
		Release|x64 = Release|x64
		MinSizeRel|x64 = MinSizeRel|x64
		RelWithDebInfo|x64 = RelWithDebInfo|x64
	EndGlobalSection
	GlobalSection(ProjectConfigurationPlatforms) = postSolution
		{38F60C6C-5C4F-3402-8D00-CFA04E1FCA57}.Debug|x64.ActiveCfg = Debug|x64
		{38F60C6C-5C4F-3402-8D00-CFA04E1FCA57}.Debug|x64.Build.0 = Debug|x64
		{38F60C6C-5C4F-3402-8D00-CFA04E1FCA57}.Release|x64.ActiveCfg = Release|x64
		{38F60C6C-5C4F-3402-8D00-CFA04E1FCA57}.Release|x64.Build.0 = Release|x64
		{38F60C6C-5C4F-3402-8D00-CFA04E1FCA57}.MinSizeRel|x64.ActiveCfg = MinSizeRel|x64
		{38F60C6C-5C4F-3402-8D00-CFA04E1FCA57}.MinSizeRel|x64.Build.0 = MinSizeRel|x64
		{38F60C6C-5C4F-3402-8D00-CFA04E1FCA57}.RelWithDebInfo|x64.ActiveCfg = RelWithDebInfo|x64
		{38F60C6C-5C4F-3402-8D00-CFA04E1FCA57}.RelWithDebInfo|x64.Build.0 = RelWithDebInfo|x64
		{6518176E-32F7-3D3E-BB06-3AF6A5E7DAA9}.Debug|x64.ActiveCfg = Debug|x64
		{6518176E-32F7-3D3E-BB06-3AF6A5E7DAA9}.Release|x64.ActiveCfg = Release|x64
		{6518176E-32F7-3D3E-BB06-3AF6A5E7DAA9}.MinSizeRel|x64.ActiveCfg = MinSizeRel|x64
		{6518176E-32F7-3D3E-BB06-3AF6A5E7DAA9}.RelWithDebInfo|x64.ActiveCfg = RelWithDebInfo|x64
		{E9940DC9-BD0C-3F8D-A7D1-5674C25CAE51}.Debug|x64.ActiveCfg = Debug|x64
		{E9940DC9-BD0C-3F8D-A7D1-5674C25CAE51}.Release|x64.ActiveCfg = Release|x64
		{E9940DC9-BD0C-3F8D-A7D1-5674C25CAE51}.MinSizeRel|x64.ActiveCfg = MinSizeRel|x64
		{E9940DC9-BD0C-3F8D-A7D1-5674C25CAE51}.RelWithDebInfo|x64.ActiveCfg = RelWithDebInfo|x64
		{981A001F-993C-3D5D-BE66-BC5B13F2DDEE}.Debug|x64.ActiveCfg = Debug|x64
		{981A001F-993C-3D5D-BE66-BC5B13F2DDEE}.Debug|x64.Build.0 = Debug|x64
		{981A001F-993C-3D5D-BE66-BC5B13F2DDEE}.Release|x64.ActiveCfg = Release|x64
		{981A001F-993C-3D5D-BE66-BC5B13F2DDEE}.Release|x64.Build.0 = Release|x64
		{981A001F-993C-3D5D-BE66-BC5B13F2DDEE}.MinSizeRel|x64.ActiveCfg = MinSizeRel|x64
		{981A001F-993C-3D5D-BE66-BC5B13F2DDEE}.MinSizeRel|x64.Build.0 = MinSizeRel|x64
		{981A001F-993C-3D5D-BE66-BC5B13F2DDEE}.RelWithDebInfo|x64.ActiveCfg = RelWithDebInfo|x64
		{981A001F-993C-3D5D-BE66-BC5B13F2DDEE}.RelWithDebInfo|x64.Build.0 = RelWithDebInfo|x64
		{BBA838FD-1A84-372B-93EE-6EF0CFC02812}.Debug|x64.ActiveCfg = Debug|x64
		{BBA838FD-1A84-372B-93EE-6EF0CFC02812}.Release|x64.ActiveCfg = Release|x64
		{BBA838FD-1A84-372B-93EE-6EF0CFC02812}.MinSizeRel|x64.ActiveCfg = MinSizeRel|x64
		{BBA838FD-1A84-372B-93EE-6EF0CFC02812}.RelWithDebInfo|x64.ActiveCfg = RelWithDebInfo|x64
		{7D670231-16D6-33BE-BEB3-B087B16C0268}.Debug|x64.ActiveCfg = Debug|x64
		{7D670231-16D6-33BE-BEB3-B087B16C0268}.Debug|x64.Build.0 = Debug|x64
		{7D670231-16D6-33BE-BEB3-B087B16C0268}.Release|x64.ActiveCfg = Release|x64
		{7D670231-16D6-33BE-BEB3-B087B16C0268}.Release|x64.Build.0 = Release|x64
		{7D670231-16D6-33BE-BEB3-B087B16C0268}.MinSizeRel|x64.ActiveCfg = MinSizeRel|x64
		{7D670231-16D6-33BE-BEB3-B087B16C0268}.MinSizeRel|x64.Build.0 = MinSizeRel|x64
		{7D670231-16D6-33BE-BEB3-B087B16C0268}.RelWithDebInfo|x64.ActiveCfg = RelWithDebInfo|x64
		{7D670231-16D6-33BE-BEB3-B087B16C0268}.RelWithDebInfo|x64.Build.0 = RelWithDebInfo|x64
		{38FAB36E-6BEF-38DC-8465-EA743BCE5763}.Debug|x64.ActiveCfg = Debug|x64
		{38FAB36E-6BEF-38DC-8465-EA743BCE5763}.Debug|x64.Build.0 = Debug|x64
		{38FAB36E-6BEF-38DC-8465-EA743BCE5763}.Release|x64.ActiveCfg = Release|x64
		{38FAB36E-6BEF-38DC-8465-EA743BCE5763}.Release|x64.Build.0 = Release|x64
		{38FAB36E-6BEF-38DC-8465-EA743BCE5763}.MinSizeRel|x64.ActiveCfg = MinSizeRel|x64
		{38FAB36E-6BEF-38DC-8465-EA743BCE5763}.MinSizeRel|x64.Build.0 = MinSizeRel|x64
		{38FAB36E-6BEF-38DC-8465-EA743BCE5763}.RelWithDebInfo|x64.ActiveCfg = RelWithDebInfo|x64
		{38FAB36E-6BEF-38DC-8465-EA743BCE5763}.RelWithDebInfo|x64.Build.0 = RelWithDebInfo|x64
		{3FF365F4-E4BE-3F72-ADA7-F16FE00BE474}.Debug|x64.ActiveCfg = Debug|x64
		{3FF365F4-E4BE-3F72-ADA7-F16FE00BE474}.Debug|x64.Build.0 = Debug|x64
		{3FF365F4-E4BE-3F72-ADA7-F16FE00BE474}.Release|x64.ActiveCfg = Release|x64
		{3FF365F4-E4BE-3F72-ADA7-F16FE00BE474}.Release|x64.Build.0 = Release|x64
		{3FF365F4-E4BE-3F72-ADA7-F16FE00BE474}.MinSizeRel|x64.ActiveCfg = MinSizeRel|x64
		{3FF365F4-E4BE-3F72-ADA7-F16FE00BE474}.MinSizeRel|x64.Build.0 = MinSizeRel|x64
		{3FF365F4-E4BE-3F72-ADA7-F16FE00BE474}.RelWithDebInfo|x64.ActiveCfg = RelWithDebInfo|x64
		{3FF365F4-E4BE-3F72-ADA7-F16FE00BE474}.RelWithDebInfo|x64.Build.0 = RelWithDebInfo|x64
		{9F151AB0-D41B-3806-A959-2BAE759347FA}.Debug|x64.ActiveCfg = Debug|x64
		{9F151AB0-D41B-3806-A959-2BAE759347FA}.Debug|x64.Build.0 = Debug|x64
		{9F151AB0-D41B-3806-A959-2BAE759347FA}.Release|x64.ActiveCfg = Release|x64
		{9F151AB0-D41B-3806-A959-2BAE759347FA}.Release|x64.Build.0 = Release|x64
		{9F151AB0-D41B-3806-A959-2BAE759347FA}.MinSizeRel|x64.ActiveCfg = MinSizeRel|x64
		{9F151AB0-D41B-3806-A959-2BAE759347FA}.MinSizeRel|x64.Build.0 = MinSizeRel|x64
		{9F151AB0-D41B-3806-A959-2BAE759347FA}.RelWithDebInfo|x64.ActiveCfg = RelWithDebInfo|x64
		{9F151AB0-D41B-3806-A959-2BAE759347FA}.RelWithDebInfo|x64.Build.0 = RelWithDebInfo|x64
		{AF173E0B-EA2B-3DDA-9CA6-E6A3596126F5}.Debug|x64.ActiveCfg = Debug|x64
		{AF173E0B-EA2B-3DDA-9CA6-E6A3596126F5}.Debug|x64.Build.0 = Debug|x64
		{AF173E0B-EA2B-3DDA-9CA6-E6A3596126F5}.Release|x64.ActiveCfg = Release|x64
		{AF173E0B-EA2B-3DDA-9CA6-E6A3596126F5}.Release|x64.Build.0 = Release|x64
		{AF173E0B-EA2B-3DDA-9CA6-E6A3596126F5}.MinSizeRel|x64.ActiveCfg = MinSizeRel|x64
		{AF173E0B-EA2B-3DDA-9CA6-E6A3596126F5}.MinSizeRel|x64.Build.0 = MinSizeRel|x64
		{AF173E0B-EA2B-3DDA-9CA6-E6A3596126F5}.RelWithDebInfo|x64.ActiveCfg = RelWithDebInfo|x64
		{AF173E0B-EA2B-3DDA-9CA6-E6A3596126F5}.RelWithDebInfo|x64.Build.0 = RelWithDebInfo|x64
		{B2717BF4-FB9C-3103-B35E-F5766247D516}.Debug|x64.ActiveCfg = Debug|x64
		{B2717BF4-FB9C-3103-B35E-F5766247D516}.Debug|x64.Build.0 = Debug|x64
		{B2717BF4-FB9C-3103-B35E-F5766247D516}.Release|x64.ActiveCfg = Release|x64
		{B2717BF4-FB9C-3103-B35E-F5766247D516}.Release|x64.Build.0 = Release|x64
		{B2717BF4-FB9C-3103-B35E-F5766247D516}.MinSizeRel|x64.ActiveCfg = MinSizeRel|x64
		{B2717BF4-FB9C-3103-B35E-F5766247D516}.MinSizeRel|x64.Build.0 = MinSizeRel|x64
		{B2717BF4-FB9C-3103-B35E-F5766247D516}.RelWithDebInfo|x64.ActiveCfg = RelWithDebInfo|x64
		{B2717BF4-FB9C-3103-B35E-F5766247D516}.RelWithDebInfo|x64.Build.0 = RelWithDebInfo|x64
		{AF483DC8-19E2-38B3-B0F1-3DF75F8CE742}.Debug|x64.ActiveCfg = Debug|x64
		{AF483DC8-19E2-38B3-B0F1-3DF75F8CE742}.Debug|x64.Build.0 = Debug|x64
		{AF483DC8-19E2-38B3-B0F1-3DF75F8CE742}.Release|x64.ActiveCfg = Release|x64
		{AF483DC8-19E2-38B3-B0F1-3DF75F8CE742}.Release|x64.Build.0 = Release|x64
		{AF483DC8-19E2-38B3-B0F1-3DF75F8CE742}.MinSizeRel|x64.ActiveCfg = MinSizeRel|x64
		{AF483DC8-19E2-38B3-B0F1-3DF75F8CE742}.MinSizeRel|x64.Build.0 = MinSizeRel|x64
		{AF483DC8-19E2-38B3-B0F1-3DF75F8CE742}.RelWithDebInfo|x64.ActiveCfg = RelWithDebInfo|x64
		{AF483DC8-19E2-38B3-B0F1-3DF75F8CE742}.RelWithDebInfo|x64.Build.0 = RelWithDebInfo|x64
		{DA2A6AF6-4CA3-3292-85B1-0616E2999089}.Debug|x64.ActiveCfg = Debug|x64
		{DA2A6AF6-4CA3-3292-85B1-0616E2999089}.Debug|x64.Build.0 = Debug|x64
		{DA2A6AF6-4CA3-3292-85B1-0616E2999089}.Release|x64.ActiveCfg = Release|x64
		{DA2A6AF6-4CA3-3292-85B1-0616E2999089}.Release|x64.Build.0 = Release|x64
		{DA2A6AF6-4CA3-3292-85B1-0616E2999089}.MinSizeRel|x64.ActiveCfg = MinSizeRel|x64
		{DA2A6AF6-4CA3-3292-85B1-0616E2999089}.MinSizeRel|x64.Build.0 = MinSizeRel|x64
		{DA2A6AF6-4CA3-3292-85B1-0616E2999089}.RelWithDebInfo|x64.ActiveCfg = RelWithDebInfo|x64
		{DA2A6AF6-4CA3-3292-85B1-0616E2999089}.RelWithDebInfo|x64.Build.0 = RelWithDebInfo|x64
		{76D03528-E8D1-372E-9EA0-E49254B1C1D3}.Debug|x64.ActiveCfg = Debug|x64
		{76D03528-E8D1-372E-9EA0-E49254B1C1D3}.Debug|x64.Build.0 = Debug|x64
		{76D03528-E8D1-372E-9EA0-E49254B1C1D3}.Release|x64.ActiveCfg = Release|x64
		{76D03528-E8D1-372E-9EA0-E49254B1C1D3}.Release|x64.Build.0 = Release|x64
		{76D03528-E8D1-372E-9EA0-E49254B1C1D3}.MinSizeRel|x64.ActiveCfg = MinSizeRel|x64
		{76D03528-E8D1-372E-9EA0-E49254B1C1D3}.MinSizeRel|x64.Build.0 = MinSizeRel|x64
		{76D03528-E8D1-372E-9EA0-E49254B1C1D3}.RelWithDebInfo|x64.ActiveCfg = RelWithDebInfo|x64
		{76D03528-E8D1-372E-9EA0-E49254B1C1D3}.RelWithDebInfo|x64.Build.0 = RelWithDebInfo|x64
		{BF02D57C-BD5A-39CB-8CEE-1B0D2CCC7F6E}.Debug|x64.ActiveCfg = Debug|x64
		{BF02D57C-BD5A-39CB-8CEE-1B0D2CCC7F6E}.Debug|x64.Build.0 = Debug|x64
		{BF02D57C-BD5A-39CB-8CEE-1B0D2CCC7F6E}.Release|x64.ActiveCfg = Release|x64
		{BF02D57C-BD5A-39CB-8CEE-1B0D2CCC7F6E}.Release|x64.Build.0 = Release|x64
		{BF02D57C-BD5A-39CB-8CEE-1B0D2CCC7F6E}.MinSizeRel|x64.ActiveCfg = MinSizeRel|x64
		{BF02D57C-BD5A-39CB-8CEE-1B0D2CCC7F6E}.MinSizeRel|x64.Build.0 = MinSizeRel|x64
		{BF02D57C-BD5A-39CB-8CEE-1B0D2CCC7F6E}.RelWithDebInfo|x64.ActiveCfg = RelWithDebInfo|x64
		{BF02D57C-BD5A-39CB-8CEE-1B0D2CCC7F6E}.RelWithDebInfo|x64.Build.0 = RelWithDebInfo|x64
		{F8BE510A-56B1-3666-851D-A4E7BB7D2353}.Debug|x64.ActiveCfg = Debug|x64
		{F8BE510A-56B1-3666-851D-A4E7BB7D2353}.Debug|x64.Build.0 = Debug|x64
		{F8BE510A-56B1-3666-851D-A4E7BB7D2353}.Release|x64.ActiveCfg = Release|x64
		{F8BE510A-56B1-3666-851D-A4E7BB7D2353}.Release|x64.Build.0 = Release|x64
		{F8BE510A-56B1-3666-851D-A4E7BB7D2353}.MinSizeRel|x64.ActiveCfg = MinSizeRel|x64
		{F8BE510A-56B1-3666-851D-A4E7BB7D2353}.MinSizeRel|x64.Build.0 = MinSizeRel|x64
		{F8BE510A-56B1-3666-851D-A4E7BB7D2353}.RelWithDebInfo|x64.ActiveCfg = RelWithDebInfo|x64
		{F8BE510A-56B1-3666-851D-A4E7BB7D2353}.RelWithDebInfo|x64.Build.0 = RelWithDebInfo|x64
		{ED68D256-E18C-3D78-8C3B-B6DF229B6F11}.Debug|x64.ActiveCfg = Debug|x64
		{ED68D256-E18C-3D78-8C3B-B6DF229B6F11}.Debug|x64.Build.0 = Debug|x64
		{ED68D256-E18C-3D78-8C3B-B6DF229B6F11}.Release|x64.ActiveCfg = Release|x64
		{ED68D256-E18C-3D78-8C3B-B6DF229B6F11}.Release|x64.Build.0 = Release|x64
		{ED68D256-E18C-3D78-8C3B-B6DF229B6F11}.MinSizeRel|x64.ActiveCfg = MinSizeRel|x64
		{ED68D256-E18C-3D78-8C3B-B6DF229B6F11}.MinSizeRel|x64.Build.0 = MinSizeRel|x64
		{ED68D256-E18C-3D78-8C3B-B6DF229B6F11}.RelWithDebInfo|x64.ActiveCfg = RelWithDebInfo|x64
		{ED68D256-E18C-3D78-8C3B-B6DF229B6F11}.RelWithDebInfo|x64.Build.0 = RelWithDebInfo|x64
	EndGlobalSection
	GlobalSection(ExtensibilityGlobals) = postSolution
		SolutionGuid = {C8EF4409-7147-361A-B91E-A10EB9FD4D25}
	EndGlobalSection
	GlobalSection(ExtensibilityAddIns) = postSolution
	EndGlobalSection
EndGlobal
